
Microsoft Visual Studio Solution File, Format Version 12.00
# Visual Studio 15
Project("{FAE04EC0-301F-11D3-BF4B-00C04F79EFBC}") = "Assembly-CSharp", "Assembly-CSharp.csproj", "{4C7D2511-3ABC-1D27-7534-AFA4DFD97A77}"
EndProject
Project("{FAE04EC0-301F-11D3-BF4B-00C04F79EFBC}") = "Assembly-CSharp-Editor", "Assembly-CSharp-Editor.csproj", "{8F01CDA3-5561-0B91-65B0-0BC104EAA8BD}"
EndProject
Global
	GlobalSection(SolutionConfigurationPlatforms) = preSolution
		Debug|Any CPU = Debug|Any CPU
		Release|Any CPU = Release|Any CPU
	EndGlobalSection
	GlobalSection(ProjectConfigurationPlatforms) = postSolution
		{4C7D2511-3ABC-1D27-7534-AFA4DFD97A77}.Debug|Any CPU.ActiveCfg = Debug|Any CPU
		{4C7D2511-3ABC-1D27-7534-AFA4DFD97A77}.Debug|Any CPU.Build.0 = Debug|Any CPU
		{4C7D2511-3ABC-1D27-7534-AFA4DFD97A77}.Release|Any CPU.ActiveCfg = Release|Any CPU
		{4C7D2511-3ABC-1D27-7534-AFA4DFD97A77}.Release|Any CPU.Build.0 = Release|Any CPU
		{8F01CDA3-5561-0B91-65B0-0BC104EAA8BD}.Debug|Any CPU.ActiveCfg = Debug|Any CPU
		{8F01CDA3-5561-0B91-65B0-0BC104EAA8BD}.Debug|Any CPU.Build.0 = Debug|Any CPU
		{8F01CDA3-5561-0B91-65B0-0BC104EAA8BD}.Release|Any CPU.ActiveCfg = Release|Any CPU
		{8F01CDA3-5561-0B91-65B0-0BC104EAA8BD}.Release|Any CPU.Build.0 = Release|Any CPU
	EndGlobalSection
	GlobalSection(SolutionProperties) = preSolution
		HideSolutionNode = FALSE
	EndGlobalSection
EndGlobal
